
Microsoft Visual Studio Solution File, Format Version 12.00
# Visual Studio Version 16
VisualStudioVersion = 16.0.29025.244
MinimumVisualStudioVersion = 10.0.40219.1
Project("{FAE04EC0-301F-11D3-BF4B-00C04F79EFBC}") = "ClinicManagement", "ClinicManagement\ClinicManagement.csproj", "{8581AF4A-8667-4367-AD5D-4E142189A771}"
EndProject
Project("{FAE04EC0-301F-11D3-BF4B-00C04F79EFBC}") = "ClinicManagement.Data", "ClinicManagement.Data\ClinicManagement.Data.csproj", "{03D5BF79-403A-4503-956C-BE6A68891A1C}"
EndProject
Project("{FAE04EC0-301F-11D3-BF4B-00C04F79EFBC}") = "ClinicManagement.Entities", "ClinicManagement.Entities\ClinicManagement.Entities.csproj", "{07427426-C2A4-40D4-BBF2-B94D3E77816A}"
EndProject
Project("{FAE04EC0-301F-11D3-BF4B-00C04F79EFBC}") = "ClinicManagement.Repository", "ClinicManagement.Repository\ClinicManagement.Repository.csproj", "{81E4BD18-28FB-4402-92BC-DEFB7ABE693E}"
EndProject
Global
	GlobalSection(SolutionConfigurationPlatforms) = preSolution
		Debug|Any CPU = Debug|Any CPU
		Release|Any CPU = Release|Any CPU
	EndGlobalSection
	GlobalSection(ProjectConfigurationPlatforms) = postSolution
		{8581AF4A-8667-4367-AD5D-4E142189A771}.Debug|Any CPU.ActiveCfg = Debug|Any CPU
		{8581AF4A-8667-4367-AD5D-4E142189A771}.Debug|Any CPU.Build.0 = Debug|Any CPU
		{8581AF4A-8667-4367-AD5D-4E142189A771}.Release|Any CPU.ActiveCfg = Release|Any CPU
		{8581AF4A-8667-4367-AD5D-4E142189A771}.Release|Any CPU.Build.0 = Release|Any CPU
		{03D5BF79-403A-4503-956C-BE6A68891A1C}.Debug|Any CPU.ActiveCfg = Debug|Any CPU
		{03D5BF79-403A-4503-956C-BE6A68891A1C}.Debug|Any CPU.Build.0 = Debug|Any CPU
		{03D5BF79-403A-4503-956C-BE6A68891A1C}.Release|Any CPU.ActiveCfg = Release|Any CPU
		{03D5BF79-403A-4503-956C-BE6A68891A1C}.Release|Any CPU.Build.0 = Release|Any CPU
		{07427426-C2A4-40D4-BBF2-B94D3E77816A}.Debug|Any CPU.ActiveCfg = Debug|Any CPU
		{07427426-C2A4-40D4-BBF2-B94D3E77816A}.Debug|Any CPU.Build.0 = Debug|Any CPU
		{07427426-C2A4-40D4-BBF2-B94D3E77816A}.Release|Any CPU.ActiveCfg = Release|Any CPU
		{07427426-C2A4-40D4-BBF2-B94D3E77816A}.Release|Any CPU.Build.0 = Release|Any CPU
		{81E4BD18-28FB-4402-92BC-DEFB7ABE693E}.Debug|Any CPU.ActiveCfg = Debug|Any CPU
		{81E4BD18-28FB-4402-92BC-DEFB7ABE693E}.Debug|Any CPU.Build.0 = Debug|Any CPU
		{81E4BD18-28FB-4402-92BC-DEFB7ABE693E}.Release|Any CPU.ActiveCfg = Release|Any CPU
		{81E4BD18-28FB-4402-92BC-DEFB7ABE693E}.Release|Any CPU.Build.0 = Release|Any CPU
	EndGlobalSection
	GlobalSection(SolutionProperties) = preSolution
		HideSolutionNode = FALSE
	EndGlobalSection
	GlobalSection(ExtensibilityGlobals) = postSolution
		SolutionGuid = {99FBFB5E-8828-4EF2-8C1E-1381ED08816E}
	EndGlobalSection
EndGlobal
